
Microsoft Visual Studio Solution File, Format Version 12.00
# Visual Studio Version 17
VisualStudioVersion = 17.9.34622.214
MinimumVisualStudioVersion = 10.0.40219.1
Project("{FAE04EC0-301F-11D3-BF4B-00C04F79EFBC}") = "RussianRoulette", "RussianRoulette.csproj", "{CD69D246-B1E4-4025-9724-7A4DBC6615BC}"
EndProject
Global
	GlobalSection(SolutionConfigurationPlatforms) = preSolution
		Debug|Any CPU = Debug|Any CPU
		Release|Any CPU = Release|Any CPU
	EndGlobalSection
	GlobalSection(ProjectConfigurationPlatforms) = postSolution
		{CD69D246-B1E4-4025-9724-7A4DBC6615BC}.Debug|Any CPU.ActiveCfg = Debug|Any CPU
		{CD69D246-B1E4-4025-9724-7A4DBC6615BC}.Debug|Any CPU.Build.0 = Debug|Any CPU
		{CD69D246-B1E4-4025-9724-7A4DBC6615BC}.Release|Any CPU.ActiveCfg = Release|Any CPU
		{CD69D246-B1E4-4025-9724-7A4DBC6615BC}.Release|Any CPU.Build.0 = Release|Any CPU
	EndGlobalSection
	GlobalSection(SolutionProperties) = preSolution
		HideSolutionNode = FALSE
	EndGlobalSection
	GlobalSection(ExtensibilityGlobals) = postSolution
		SolutionGuid = {938BB0BD-53BE-47DA-B00D-4AD7B27C963B}
	EndGlobalSection
EndGlobal
