
Microsoft Visual Studio Solution File, Format Version 12.00
# Visual Studio Version 17
VisualStudioVersion = 17.9.34622.214
MinimumVisualStudioVersion = 10.0.40219.1
Project("{FAE04EC0-301F-11D3-BF4B-00C04F79EFBC}") = "MyList", "MyList.csproj", "{F16B25D0-D140-41AF-9A32-957A567403C2}"
EndProject
Global
	GlobalSection(SolutionConfigurationPlatforms) = preSolution
		Debug|Any CPU = Debug|Any CPU
		Release|Any CPU = Release|Any CPU
	EndGlobalSection
	GlobalSection(ProjectConfigurationPlatforms) = postSolution
		{F16B25D0-D140-41AF-9A32-957A567403C2}.Debug|Any CPU.ActiveCfg = Debug|Any CPU
		{F16B25D0-D140-41AF-9A32-957A567403C2}.Debug|Any CPU.Build.0 = Debug|Any CPU
		{F16B25D0-D140-41AF-9A32-957A567403C2}.Release|Any CPU.ActiveCfg = Release|Any CPU
		{F16B25D0-D140-41AF-9A32-957A567403C2}.Release|Any CPU.Build.0 = Release|Any CPU
	EndGlobalSection
	GlobalSection(SolutionProperties) = preSolution
		HideSolutionNode = FALSE
	EndGlobalSection
	GlobalSection(ExtensibilityGlobals) = postSolution
		SolutionGuid = {1CE5CB78-28C4-449B-8364-159EC6CDF445}
	EndGlobalSection
EndGlobal
