
Microsoft Visual Studio Solution File, Format Version 12.00
# Visual Studio Version 17
VisualStudioVersion = 17.9.34622.214
MinimumVisualStudioVersion = 10.0.40219.1
Project("{FAE04EC0-301F-11D3-BF4B-00C04F79EFBC}") = "Test_Pratice_1", "Test_Pratice_1.csproj", "{243B7F0E-20C7-4CDA-BE4A-11B620900CEE}"
EndProject
Global
	GlobalSection(SolutionConfigurationPlatforms) = preSolution
		Debug|Any CPU = Debug|Any CPU
		Release|Any CPU = Release|Any CPU
	EndGlobalSection
	GlobalSection(ProjectConfigurationPlatforms) = postSolution
		{243B7F0E-20C7-4CDA-BE4A-11B620900CEE}.Debug|Any CPU.ActiveCfg = Debug|Any CPU
		{243B7F0E-20C7-4CDA-BE4A-11B620900CEE}.Debug|Any CPU.Build.0 = Debug|Any CPU
		{243B7F0E-20C7-4CDA-BE4A-11B620900CEE}.Release|Any CPU.ActiveCfg = Release|Any CPU
		{243B7F0E-20C7-4CDA-BE4A-11B620900CEE}.Release|Any CPU.Build.0 = Release|Any CPU
	EndGlobalSection
	GlobalSection(SolutionProperties) = preSolution
		HideSolutionNode = FALSE
	EndGlobalSection
	GlobalSection(ExtensibilityGlobals) = postSolution
		SolutionGuid = {E8A12B45-6C3F-4B52-B8C8-E3E4FB0DA903}
	EndGlobalSection
EndGlobal
